
Microsoft Visual Studio Solution File, Format Version 12.00
# Visual Studio Version 17
VisualStudioVersion = 17.10.35013.160
MinimumVisualStudioVersion = 10.0.40219.1
Project("{FAE04EC0-301F-11D3-BF4B-00C04F79EFBC}") = "Installer", "Installer\Installer.csproj", "{D267ED98-D01B-457E-8672-B05D1D945896}"
EndProject
Global
	GlobalSection(SolutionConfigurationPlatforms) = preSolution
		Debug|Any CPU = Debug|Any CPU
		Release|Any CPU = Release|Any CPU
	EndGlobalSection
	GlobalSection(ProjectConfigurationPlatforms) = postSolution
		{D267ED98-D01B-457E-8672-B05D1D945896}.Debug|Any CPU.ActiveCfg = Debug|Any CPU
		{D267ED98-D01B-457E-8672-B05D1D945896}.Debug|Any CPU.Build.0 = Debug|Any CPU
		{D267ED98-D01B-457E-8672-B05D1D945896}.Release|Any CPU.ActiveCfg = Release|Any CPU
		{D267ED98-D01B-457E-8672-B05D1D945896}.Release|Any CPU.Build.0 = Release|Any CPU
	EndGlobalSection
	GlobalSection(SolutionProperties) = preSolution
		HideSolutionNode = FALSE
	EndGlobalSection
	GlobalSection(ExtensibilityGlobals) = postSolution
		SolutionGuid = {3DCAB52B-68FA-4FBC-8885-C939799B1FD2}
	EndGlobalSection
EndGlobal
